
Microsoft Visual Studio Solution File, Format Version 12.00
# Visual Studio Version 17
VisualStudioVersion = 17.6.33927.249
MinimumVisualStudioVersion = 10.0.40219.1
Project("{FAE04EC0-301F-11D3-BF4B-00C04F79EFBC}") = "CosmosHelpers", "CosmosHelpers.csproj", "{C949C8DD-6814-47B1-9CFA-156D63BAF9C5}"
EndProject
Global
	GlobalSection(SolutionConfigurationPlatforms) = preSolution
		Debug|Any CPU = Debug|Any CPU
		Release|Any CPU = Release|Any CPU
	EndGlobalSection
	GlobalSection(ProjectConfigurationPlatforms) = postSolution
		{C949C8DD-6814-47B1-9CFA-156D63BAF9C5}.Debug|Any CPU.ActiveCfg = Debug|Any CPU
		{C949C8DD-6814-47B1-9CFA-156D63BAF9C5}.Debug|Any CPU.Build.0 = Debug|Any CPU
		{C949C8DD-6814-47B1-9CFA-156D63BAF9C5}.Release|Any CPU.ActiveCfg = Release|Any CPU
		{C949C8DD-6814-47B1-9CFA-156D63BAF9C5}.Release|Any CPU.Build.0 = Release|Any CPU
	EndGlobalSection
	GlobalSection(SolutionProperties) = preSolution
		HideSolutionNode = FALSE
	EndGlobalSection
	GlobalSection(ExtensibilityGlobals) = postSolution
		SolutionGuid = {6304832E-0781-4DCA-BE3C-B4D988FFFCF5}
	EndGlobalSection
EndGlobal
